# This file is automatically @generated by Cargo.
# It is not intended for manual editing.
version = 4

[[package]]
name = "anstream"
version = "1.0.0"
source = "registry+https://github.com/rust-lang/crates.io-index"
checksum = "824a212faf96e9acacdbd09febd34438f8f711fb84e09a8916013cd7815ca28d"
dependencies = [
 "anstyle",
 "anstyle-parse",
 "anstyle-query",
 "anstyle-wincon",
 "colorchoice",
 "is_terminal_polyfill",
 "utf8parse",
]

[[package]]
name = "anstyle"
version = "1.0.14"
source = "registry+https://github.com/rust-lang/crates.io-index"
checksum = "940b3a0ca603d1eade50a4846a2afffd5ef57a9feac2c0e2ec2e14f9ead76000"

[[package]]
name = "anstyle-parse"
version = "1.0.0"
source = "registry+https://github.com/rust-lang/crates.io-index"
checksum = "52ce7f38b242319f7cabaa6813055467063ecdc9d355bbb4ce0c68908cd8130e"
dependencies = [
 "utf8parse",
]

[[package]]
name = "anstyle-query"
version = "1.1.5"
source = "registry+https://github.com/rust-lang/crates.io-index"
checksum = "40c48f72fd53cd289104fc64099abca73db4166ad86ea0b4341abe65af83dadc"
dependencies = [
 "windows-sys",
]

[[package]]
name = "anstyle-wincon"
version = "3.0.11"
source = "registry+https://github.com/rust-lang/crates.io-index"
checksum = "291e6a250ff86cd4a820112fb8898808a366d8f9f58ce16d1f538353ad55747d"
dependencies = [
 "anstyle",
 "once_cell_polyfill",
 "windows-sys",
]

[[package]]
name = "arraydeque"
version = "0.5.1"
source = "registry+https://github.com/rust-lang/crates.io-index"
checksum = "7d902e3d592a523def97af8f317b08ce16b7ab854c1985a0c671e6f15cebc236"

[[package]]
name = "bitflags"
version = "2.13.0"
source = "registry+https://github.com/rust-lang/crates.io-index"
checksum = "b4388bee8683e3d04af747c73422af53102d2bd24d9eadb6cbc100baef4b43f8"

[[package]]
name = "boxctl"
version = "0.1.0"
dependencies = [
 "clap",
 "jsonc-parser",
 "rusqlite",
 "serde_json",
 "serde_norway",
 "yaml-rust2",
]

[[package]]
name = "bumpalo"
version = "3.20.3"
source = "registry+https://github.com/rust-lang/crates.io-index"
checksum = "72f5acc6cb2ba439de613abc23857ec3d78374d8ed5ac84e9d11336e87da8649"

[[package]]
name = "cc"
version = "1.2.65"
source = "registry+https://github.com/rust-lang/crates.io-index"
checksum = "e228eec9be7c17ccb640b59b36a5cd805ea2a564a4c5e162c2f659fea30d3b96"
dependencies = [
 "find-msvc-tools",
 "shlex",
]

[[package]]
name = "cfg-if"
version = "1.0.4"
source = "registry+https://github.com/rust-lang/crates.io-index"
checksum = "9330f8b2ff13f34540b44e946ef35111825727b38d33286ef986142615121801"

[[package]]
name = "clap"
version = "4.6.4"
source = "registry+https://github.com/rust-lang/crates.io-index"
checksum = "d91e0c145792ef73a6ad36d27c75ac09f1832222a3c209689d90f534685ee5b7"
dependencies = [
 "clap_builder",
 "clap_derive",
]

[[package]]
name = "clap_builder"
version = "4.6.2"
source = "registry+https://github.com/rust-lang/crates.io-index"
checksum = "f09628afdcc538b57f3c6341e9c8e9970f18e4a481690a64974d7023bd33548b"
dependencies = [
 "anstream",
 "anstyle",
 "clap_lex",
 "strsim",
]

[[package]]
name = "clap_derive"
version = "4.6.4"
source = "registry+https://github.com/rust-lang/crates.io-index"
checksum = "d012d2b9d65aca7f18f4d9878a045bc17899bba951561ba5ec3c2ba1eed9a061"
dependencies = [
 "heck",
 "proc-macro2",
 "quote",
 "syn 3.0.3",
]

[[package]]
name = "clap_lex"
version = "1.1.0"
source = "registry+https://github.com/rust-lang/crates.io-index"
checksum = "c8d4a3bb8b1e0c1050499d1815f5ab16d04f0959b233085fb31653fbfc9d98f9"

[[package]]
name = "colorchoice"
version = "1.0.5"
source = "registry+https://github.com/rust-lang/crates.io-index"
checksum = "1d07550c9036bf2ae0c684c4297d503f838287c83c53686d05370d0e139ae570"

[[package]]
name = "encoding_rs"
version = "0.8.35"
source = "registry+https://github.com/rust-lang/crates.io-index"
checksum = "75030f3c4f45dafd7586dd6780965a8c7e8e285a5ecb86713e63a79c5b2766f3"
dependencies = [
 "cfg-if",
]

[[package]]
name = "equivalent"
version = "1.0.2"
source = "registry+https://github.com/rust-lang/crates.io-index"
checksum = "877a4ace8713b0bcf2a4e7eec82529c029f1d0619886d18145fea96c3ffe5c0f"

[[package]]
name = "fallible-iterator"
version = "0.3.0"
source = "registry+https://github.com/rust-lang/crates.io-index"
checksum = "2acce4a10f12dc2fb14a218589d4f1f62ef011b2d0cc4b3cb1bba8e94da14649"

[[package]]
name = "fallible-streaming-iterator"
version = "0.1.9"
source = "registry+https://github.com/rust-lang/crates.io-index"
checksum = "7360491ce676a36bf9bb3c56c1aa791658183a54d2744120f27285738d90465a"

[[package]]
name = "find-msvc-tools"
version = "0.1.9"
source = "registry+https://github.com/rust-lang/crates.io-index"
checksum = "5baebc0774151f905a1a2cc41989300b1e6fbb29aff0ceffa1064fdd3088d582"

[[package]]
name = "foldhash"
version = "0.2.0"
source = "registry+https://github.com/rust-lang/crates.io-index"
checksum = "77ce24cb58228fbb8aa041425bb1050850ac19177686ea6e0f41a70416f56fdb"

[[package]]
name = "hashbrown"
version = "0.16.1"
source = "registry+https://github.com/rust-lang/crates.io-index"
checksum = "841d1cc9bed7f9236f321df977030373f4a4163ae1a7dbfe1a51a2c1a51d9100"
dependencies = [
 "foldhash",
]

[[package]]
name = "hashbrown"
version = "0.17.1"
source = "registry+https://github.com/rust-lang/crates.io-index"
checksum = "ed5909b6e89a2db4456e54cd5f673791d7eca6732202bbf2a9cc504fe2f9b84a"
dependencies = [
 "foldhash",
]

[[package]]
name = "hashlink"
version = "0.11.1"
source = "registry+https://github.com/rust-lang/crates.io-index"
checksum = "824e001ac4f3012dd16a264bec811403a67ca9deb6c102fc5049b32c4574b35f"
dependencies = [
 "hashbrown 0.16.1",
]

[[package]]
name = "hashlink"
version = "0.12.1"
source = "registry+https://github.com/rust-lang/crates.io-index"
checksum = "32069d97bb81e38fa67eab65e3393bf804bb85969f2bc06bf13f64aef5aba248"
dependencies = [
 "hashbrown 0.17.1",
]

[[package]]
name = "heck"
version = "0.5.0"
source = "registry+https://github.com/rust-lang/crates.io-index"
checksum = "2304e00983f87ffb38b55b444b5e3b60a884b5d30c0fca7d82fe33449bbe55ea"

[[package]]
name = "indexmap"
version = "2.14.0"
source = "registry+https://github.com/rust-lang/crates.io-index"
checksum = "d466e9454f08e4a911e14806c24e16fba1b4c121d1ea474396f396069cf949d9"
dependencies = [
 "equivalent",
 "hashbrown 0.17.1",
]

[[package]]
name = "is_terminal_polyfill"
version = "1.70.2"
source = "registry+https://github.com/rust-lang/crates.io-index"
checksum = "a6cb138bb79a146c1bd460005623e142ef0181e3d0219cb493e02f7d08a35695"

[[package]]
name = "itoa"
version = "1.0.18"
source = "registry+https://github.com/rust-lang/crates.io-index"
checksum = "8f42a60cbdf9a97f5d2305f08a87dc4e09308d1276d28c869c684d7777685682"

[[package]]
name = "js-sys"
version = "0.3.103"
source = "registry+https://github.com/rust-lang/crates.io-index"
checksum = "53b44bfcdb3f8d5837a46dae1ca9660a837176eee74a28b229bc626816589102"
dependencies = [
 "cfg-if",
 "wasm-bindgen",
]

[[package]]
name = "jsonc-parser"
version = "0.33.1"
source = "registry+https://github.com/rust-lang/crates.io-index"
checksum = "a0560e3f9a9a03ea6b6e90b41138c5db9e21526c99eb192c1a26c68176593285"
dependencies = [
 "serde",
 "serde_json",
]

[[package]]
name = "libsqlite3-sys"
version = "0.38.1"
source = "registry+https://github.com/rust-lang/crates.io-index"
checksum = "f6c19a05435c21ac299d71b6a9c13db3e3f47c520517d58990a462a1397a61db"
dependencies = [
 "cc",
 "pkg-config",
 "vcpkg",
]

[[package]]
name = "memchr"
version = "2.8.2"
source = "registry+https://github.com/rust-lang/crates.io-index"
checksum = "88904434abc2901f197fe8cc55f0445e7ded921dba5911dad2e2b39b48e663c4"

[[package]]
name = "once_cell"
version = "1.21.4"
source = "registry+https://github.com/rust-lang/crates.io-index"
checksum = "9f7c3e4beb33f85d45ae3e3a1792185706c8e16d043238c593331cc7cd313b50"

[[package]]
name = "once_cell_polyfill"
version = "1.70.2"
source = "registry+https://github.com/rust-lang/crates.io-index"
checksum = "384b8ab6d37215f3c5301a95a4accb5d64aa607f1fcb26a11b5303878451b4fe"

[[package]]
name = "pkg-config"
version = "0.3.33"
source = "registry+https://github.com/rust-lang/crates.io-index"
checksum = "19f132c84eca552bf34cab8ec81f1c1dcc229b811638f9d283dceabe58c5569e"

[[package]]
name = "proc-macro2"
version = "1.0.106"
source = "registry+https://github.com/rust-lang/crates.io-index"
checksum = "8fd00f0bb2e90d81d1044c2b32617f68fcb9fa3bb7640c23e9c748e53fb30934"
dependencies = [
 "unicode-ident",
]

[[package]]
name = "quote"
version = "1.0.46"
source = "registry+https://github.com/rust-lang/crates.io-index"
checksum = "dfbc457d0c7a0759a614551b11a6409e5951f6c7537be1f1b7682b9ae9230368"
dependencies = [
 "proc-macro2",
]

[[package]]
name = "rsqlite-vfs"
version = "0.1.1"
source = "registry+https://github.com/rust-lang/crates.io-index"
checksum = "c51c9ae4df8a7fba42103df5c621fa3c37eccf3a3c650879e90fc48b11cc192c"
dependencies = [
 "hashbrown 0.16.1",
 "thiserror",
]

[[package]]
name = "rusqlite"
version = "0.40.1"
source = "registry+https://github.com/rust-lang/crates.io-index"
checksum = "11438310b19e3109b6446c33d1ed5e889428cf2e278407bc7896bc4aaea43323"
dependencies = [
 "bitflags",
 "fallible-iterator",
 "fallible-streaming-iterator",
 "hashlink 0.12.1",
 "libsqlite3-sys",
 "smallvec",
 "sqlite-wasm-rs",
]

[[package]]
name = "rustversion"
version = "1.0.23"
source = "registry+https://github.com/rust-lang/crates.io-index"
checksum = "cf54715a573b99ac80df0bc206da022bcd442c974952c7b9720069370852e21f"

[[package]]
name = "ryu"
version = "1.0.23"
source = "registry+https://github.com/rust-lang/crates.io-index"
checksum = "9774ba4a74de5f7b1c1451ed6cd5285a32eddb5cccb8cc655a4e50009e06477f"

[[package]]
name = "serde"
version = "1.0.228"
source = "registry+https://github.com/rust-lang/crates.io-index"
checksum = "9a8e94ea7f378bd32cbbd37198a4a91436180c5bb472411e48b5ec2e2124ae9e"
dependencies = [
 "serde_core",
 "serde_derive",
]

[[package]]
name = "serde_core"
version = "1.0.228"
source = "registry+https://github.com/rust-lang/crates.io-index"
checksum = "41d385c7d4ca58e59fc732af25c3983b67ac852c1a25000afe1175de458b67ad"
dependencies = [
 "serde_derive",
]

[[package]]
name = "serde_derive"
version = "1.0.228"
source = "registry+https://github.com/rust-lang/crates.io-index"
checksum = "d540f220d3187173da220f885ab66608367b6574e925011a9353e4badda91d79"
dependencies = [
 "proc-macro2",
 "quote",
 "syn 2.0.118",
]

[[package]]
name = "serde_json"
version = "1.0.151"
source = "registry+https://github.com/rust-lang/crates.io-index"
checksum = "c841b55ecdae098c80dcae9cf767f6f8a0c2cdb3416bbef72181df4d0fe73f14"
dependencies = [
 "indexmap",
 "itoa",
 "memchr",
 "serde",
 "serde_core",
 "zmij",
]

[[package]]
name = "serde_norway"
version = "0.9.42"
source = "registry+https://github.com/rust-lang/crates.io-index"
checksum = "e408f29489b5fd500fab51ff1484fc859bb655f32c671f307dcd733b72e8168c"
dependencies = [
 "indexmap",
 "itoa",
 "ryu",
 "serde",
 "unsafe-libyaml-norway",
]

[[package]]
name = "shlex"
version = "2.0.1"
source = "registry+https://github.com/rust-lang/crates.io-index"
checksum = "f8fadd59c855ef2080decdef8ff161eb6661b86933c9d82e5ba29dc602a55aba"

[[package]]
name = "smallvec"
version = "1.15.2"
source = "registry+https://github.com/rust-lang/crates.io-index"
checksum = "8ed6a63f02c8539c91a8685a86f4099661ba3da017932f6ebbea6de3f0fa7c90"

[[package]]
name = "sqlite-wasm-rs"
version = "0.5.5"
source = "registry+https://github.com/rust-lang/crates.io-index"
checksum = "dc3efc0da82635d7e1ced0053bbbfa8c7ab9645d0bf36ceb4f7127bb85315d75"
dependencies = [
 "cc",
 "js-sys",
 "rsqlite-vfs",
 "wasm-bindgen",
]

[[package]]
name = "strsim"
version = "0.11.1"
source = "registry+https://github.com/rust-lang/crates.io-index"
checksum = "7da8b5736845d9f2fcb837ea5d9e2628564b3b043a70948a3f0b778838c5fb4f"

[[package]]
name = "syn"
version = "2.0.118"
source = "registry+https://github.com/rust-lang/crates.io-index"
checksum = "1b9ae57f904213ebb649ce6895b8a66c66f0203b9319718f69a5612a065b1422"
dependencies = [
 "proc-macro2",
 "quote",
 "unicode-ident",
]

[[package]]
name = "syn"
version = "3.0.3"
source = "registry+https://github.com/rust-lang/crates.io-index"
checksum = "53e9bae58849f64dfa4f5d5ae372c8341f7305f82a3868709269343628b659a3"
dependencies = [
 "proc-macro2",
 "quote",
 "unicode-ident",
]

[[package]]
name = "thiserror"
version = "2.0.19"
source = "registry+https://github.com/rust-lang/crates.io-index"
checksum = "09a43598840e33d5b0331f38c5e30d13bb11c11210a4b58f0d9b18a5a5eefcd9"
dependencies = [
 "thiserror-impl",
]

[[package]]
name = "thiserror-impl"
version = "2.0.19"
source = "registry+https://github.com/rust-lang/crates.io-index"
checksum = "43cbfe0cf76104d42a574802844187e84a305e531ed54455f11fbde0f10541cd"
dependencies = [
 "proc-macro2",
 "quote",
 "syn 3.0.3",
]

[[package]]
name = "unicode-ident"
version = "1.0.24"
source = "registry+https://github.com/rust-lang/crates.io-index"
checksum = "e6e4313cd5fcd3dad5cafa179702e2b244f760991f45397d14d4ebf38247da75"

[[package]]
name = "unsafe-libyaml-norway"
version = "0.2.15"
source = "registry+https://github.com/rust-lang/crates.io-index"
checksum = "b39abd59bf32521c7f2301b52d05a6a2c975b6003521cbd0c6dc1582f0a22104"

[[package]]
name = "utf8parse"
version = "0.2.2"
source = "registry+https://github.com/rust-lang/crates.io-index"
checksum = "06abde3611657adf66d383f00b093d7faecc7fa57071cce2578660c9f1010821"

[[package]]
name = "vcpkg"
version = "0.2.15"
source = "registry+https://github.com/rust-lang/crates.io-index"
checksum = "accd4ea62f7bb7a82fe23066fb0957d48ef677f6eeb8215f372f52e48bb32426"

[[package]]
name = "wasm-bindgen"
version = "0.2.126"
source = "registry+https://github.com/rust-lang/crates.io-index"
checksum = "4b067c0c11094aef6b7a801c1e34a26affafdf3d051dba08456b868789aaf9a4"
dependencies = [
 "cfg-if",
 "once_cell",
 "rustversion",
 "wasm-bindgen-macro",
 "wasm-bindgen-shared",
]

[[package]]
name = "wasm-bindgen-macro"
version = "0.2.126"
source = "registry+https://github.com/rust-lang/crates.io-index"
checksum = "167ce5e579f6bcf889c4f7175a8a5a585de84e8ff93976ce393efa5f2837aab1"
dependencies = [
 "quote",
 "wasm-bindgen-macro-support",
]

[[package]]
name = "wasm-bindgen-macro-support"
version = "0.2.126"
source = "registry+https://github.com/rust-lang/crates.io-index"
checksum = "f3997c7839262f4ef12cf90b818d6340c18e80f263f1a94bf157d0ec4420380e"
dependencies = [
 "bumpalo",
 "proc-macro2",
 "quote",
 "syn 2.0.118",
 "wasm-bindgen-shared",
]

[[package]]
name = "wasm-bindgen-shared"
version = "0.2.126"
source = "registry+https://github.com/rust-lang/crates.io-index"
checksum = "dc1b4cb0cc549fcf58d7dfc081778139b3d283a081644e833e84682ad71cea24"
dependencies = [
 "unicode-ident",
]

[[package]]
name = "windows-link"
version = "0.2.1"
source = "registry+https://github.com/rust-lang/crates.io-index"
checksum = "f0805222e57f7521d6a62e36fa9163bc891acd422f971defe97d64e70d0a4fe5"

[[package]]
name = "windows-sys"
version = "0.61.2"
source = "registry+https://github.com/rust-lang/crates.io-index"
checksum = "ae137229bcbd6cdf0f7b80a31df61766145077ddf49416a728b02cb3921ff3fc"
dependencies = [
 "windows-link",
]

[[package]]
name = "yaml-rust2"
version = "0.11.0"
source = "registry+https://github.com/rust-lang/crates.io-index"
checksum = "631a50d867fafb7093e709d75aaee9e0e0d5deb934021fcea25ac2fe09edc51e"
dependencies = [
 "arraydeque",
 "encoding_rs",
 "hashlink 0.11.1",
]

[[package]]
name = "zmij"
version = "1.0.21"
source = "registry+https://github.com/rust-lang/crates.io-index"
checksum = "b8848ee67ecc8aedbaf3e4122217aff892639231befc6a1b58d29fff4c2cabaa"
